schema: '2.0'
stages:
  query:
    cmd: python -m src.query_foursquare --countrycode KR --filename korea_foursquare
    outs:
    - path: ./data/raw/korea_foursquare.gpkg
      hash: md5
      md5: ca5f88c51b5317d5a80b68af9c695523
      size: 98304
  clean:
    cmd: python -m src.clean_foursquare --filename korea_foursquare
    deps:
    - path: ./data/raw/korea_foursquare.gpkg
      hash: md5
      md5: ca5f88c51b5317d5a80b68af9c695523
      size: 98304
    outs:
    - path: data/processed/korea_foursquare.parquet
      hash: md5
      md5: ea6f60c92c69aed65438ee8a6d159cf6
      size: 27829
  addcats:
    cmd: python -m src.explodecats_foursquare --filename korea_foursquare
    deps:
    - path: data/processed/korea_foursquare.parquet
      hash: md5
      md5: ea6f60c92c69aed65438ee8a6d159cf6
      size: 27829
    outs:
    - path: data/processed/korea_foursquare_cats.parquet
      hash: md5
      md5: 75f281ab04b6f4c77966239093dcbd3d
      size: 40068
