schema: '2.0'
stages:
  query:
    cmd: python -m src.query_foursquare_bycc --countrycode GB --filename uk_foursquare_cc
    outs:
    - path: ./data/raw/uk_foursquare_cc.gpkg
      hash: md5
      md5: b6d58da2b8ef9545417ec4c13eb4ee3e
      size: 1594703872
  clean:
    cmd: python -m src.clean_foursquare --filename uk_foursquare_cc
    deps:
    - path: ./data/raw/uk_foursquare_cc.gpkg
      hash: md5
      md5: b6d58da2b8ef9545417ec4c13eb4ee3e
      size: 1594703872
    outs:
    - path: data/processed/uk_foursquare_cc.parquet
      hash: md5
      md5: c3cf635db3ddae116d602422c36d780a
      size: 535553998
  uk_postprocessing:
    cmd: python -m src.uk_postprocessing --filename uk_foursquare_cc
    deps:
    - path: ./data/processed/uk_foursquare_cc.parquet
      hash: md5
      md5: c3cf635db3ddae116d602422c36d780a
      size: 535553998
    outs:
    - path: ./data/processed/uk_foursquare_cc_admin.parquet
      hash: md5
      md5: 1d2ba3e970c71beb1912b36147a5c42c
      size: 616385522
