schema: '2.0'
stages:
  query:
    cmd: python -m src.query_foursquare --minx -9.0 --maxx 2.01 --miny 49.75 --maxy
      61.01 --filename uk_foursquare_test_projquery
    outs:
    - path: ./data/raw/uk_foursquare_test_projquery.gpkg
      hash: md5
      md5: ec2edbd29c754e67e8f1f418ee752fc3
      size: 139264
  clean:
    cmd: python -m src.clean_foursquare --filename uk_foursquare_test_proj
    deps:
    - path: ./data/raw/uk_foursquare_test_proj.gpkg
      hash: md5
      md5: c0c30825a58ac3986980de60f012dbcd
      size: 139264
    outs:
    - path: data/processed/uk_foursquare_test_proj.parquet
      hash: md5
      md5: 78ccba911318bfccc823eeec41af08d5
      size: 47232
  uk_postprocessing:
    cmd: python -m src.uk_postprocessing --filename uk_foursquare_test_proj
    deps:
    - path: ./data/processed/uk_foursquare_test_proj.parquet
      hash: md5
      md5: 78ccba911318bfccc823eeec41af08d5
      size: 47232
    outs:
    - path: ./data/processed/uk_foursquare_test_proj_admin.parquet
      hash: md5
      md5: e7fd6876e59b293275886805a3260319
      size: 68860
